<?xml version="1.0" encoding="utf-8"?>
<Project ToolsVersion="4.0" xmlns="http://schemas.microsoft.com/developer/msbuild/2003">
  <ItemGroup>
    <Filter Include="Source">
      <UniqueIdentifier>{cb1e4630-2cbf-43c7-9e45-f1e9b0cb754a}</UniqueIdentifier>
    </Filter>
    <Filter Include="Headers">
      <UniqueIdentifier>{246380b1-5d02-4ae8-9c0f-7b1d96cb3a4b}</UniqueIdentifier>
    </Filter>
    <Filter Include="Headers\Flock Behavior">
      <UniqueIdentifier>{d50f2fe8-a6fc-4f4a-94d1-18ef77a0305e}</UniqueIdentifier>
    </Filter>
    <Filter Include="Headers\Flock Behavior\base">
      <UniqueIdentifier>{555006c3-1ee5-485a-b511-92fcbe3afeb9}</UniqueIdentifier>
    </Filter>
    <Filter Include="Headers\tools">
      <UniqueIdentifier>{e146e0d6-682e-4984-8628-68609159d08c}</UniqueIdentifier>
    </Filter>
  </ItemGroup>
  <ItemGroup>
    <ClInclude Include="..\..\code\headers\Vector.hpp">
      <Filter>Headers\tools</Filter>
    </ClInclude>
    <ClInclude Include="..\..\code\headers\Algorithms.hpp">
      <Filter>Headers\tools</Filter>
    </ClInclude>
    <ClInclude Include="..\..\code\headers\Coordinates.hpp">
      <Filter>Headers\tools</Filter>
    </ClInclude>
    <ClInclude Include="..\..\code\headers\macros.hpp">
      <Filter>Headers\tools</Filter>
    </ClInclude>
    <ClInclude Include="..\..\code\headers\Matrix.hpp">
      <Filter>Headers\tools</Filter>
    </ClInclude>
    <ClInclude Include="..\..\code\headers\Model2D.hpp">
      <Filter>Headers\tools</Filter>
    </ClInclude>
    <ClInclude Include="..\..\code\headers\Boid.hpp">
      <Filter>Headers\tools</Filter>
    </ClInclude>
    <ClInclude Include="..\..\code\headers\Point.hpp">
      <Filter>Headers\tools</Filter>
    </ClInclude>
    <ClInclude Include="..\..\code\headers\Rotation.hpp">
      <Filter>Headers\tools</Filter>
    </ClInclude>
    <ClInclude Include="..\..\code\headers\Scaling.hpp">
      <Filter>Headers\tools</Filter>
    </ClInclude>
    <ClInclude Include="..\..\code\headers\Transformation.hpp">
      <Filter>Headers\tools</Filter>
    </ClInclude>
    <ClInclude Include="..\..\code\headers\Translation.hpp">
      <Filter>Headers\tools</Filter>
    </ClInclude>
    <ClInclude Include="..\..\code\headers\types.hpp">
      <Filter>Headers\tools</Filter>
    </ClInclude>
    <ClInclude Include="..\..\code\headers\FlockBehavior.hpp">
      <Filter>Headers\Flock Behavior\base</Filter>
    </ClInclude>
    <ClInclude Include="..\..\code\headers\Coeshion.hpp">
      <Filter>Headers\Flock Behavior</Filter>
    </ClInclude>
    <ClInclude Include="..\..\code\headers\Alignment.hpp">
      <Filter>Headers\Flock Behavior</Filter>
    </ClInclude>
    <ClInclude Include="..\..\code\headers\Avoidance.hpp">
      <Filter>Headers\Flock Behavior</Filter>
    </ClInclude>
    <ClInclude Include="..\..\code\headers\ComponentBehavior.hpp">
      <Filter>Headers\Flock Behavior</Filter>
    </ClInclude>
    <ClInclude Include="..\..\code\headers\MathHelper.hpp">
      <Filter>Headers\tools</Filter>
    </ClInclude>
  </ItemGroup>
  <ItemGroup>
    <ClCompile Include="..\..\code\source\Alignment.cpp">
      <Filter>Source</Filter>
    </ClCompile>
    <ClCompile Include="..\..\code\source\Avoidance.cpp">
      <Filter>Source</Filter>
    </ClCompile>
    <ClCompile Include="..\..\code\source\Boid.cpp">
      <Filter>Source</Filter>
    </ClCompile>
    <ClCompile Include="..\..\code\source\Coeshion.cpp">
      <Filter>Source</Filter>
    </ClCompile>
    <ClCompile Include="..\..\code\source\main.cpp">
      <Filter>Source</Filter>
    </ClCompile>
    <ClCompile Include="..\..\code\source\Model2D.cpp">
      <Filter>Source</Filter>
    </ClCompile>
    <ClCompile Include="..\..\code\headers\ComponentBehavior.cpp" />
  </ItemGroup>
</Project>